// !$*UTF8*$!
{
	archiveVersion = 1;
	classes = {
	};
	objectVersion = 50;
	objects = {

/* Begin PBXBuildFile section */
		26418439226164AE00A14DDB /* StreamViewController.swift in Sources */ = {isa = PBXBuildFile; fileRef = 26418438226164AE00A14DDB /* StreamViewController.swift */; };
		28EC0868EE6E8ACA4E8582E5 /* Pods_BotEmUITests.framework in Frameworks */ = {isa = PBXBuildFile; fileRef = 23511296D8635C2EE9A320C9 /* Pods_BotEmUITests.framework */; };
		3B36FEB5E58A3C11D2A7A0E8 /* Pods_BotEm.framework in Frameworks */ = {isa = PBXBuildFile; fileRef = 6D86FFEAC6770A63E5017259 /* Pods_BotEm.framework */; };
		50811A202266CE4B00607D7C /* DetailsViewController.swift in Sources */ = {isa = PBXBuildFile; fileRef = 50811A1F2266CE4B00607D7C /* DetailsViewController.swift */; };
		50811A632268172B00607D7C /* ToListViewController.swift in Sources */ = {isa = PBXBuildFile; fileRef = 50811A622268172B00607D7C /* ToListViewController.swift */; };
		58A27DD968E06874E8F8E1E5 /* Pods_BotEmTests.framework in Frameworks */ = {isa = PBXBuildFile; fileRef = DD833E6123F5082FC156C715 /* Pods_BotEmTests.framework */; };
		C4681F0A227AC1840094A647 /* TransactionsViewController.swift in Sources */ = {isa = PBXBuildFile; fileRef = C4681F09227AC1840094A647 /* TransactionsViewController.swift */; };
		C4681F0C227AC1AC0094A647 /* TransactionCollectionViewCell.swift in Sources */ = {isa = PBXBuildFile; fileRef = C4681F0B227AC1AC0094A647 /* TransactionCollectionViewCell.swift */; };
		C4681F0E227AF09C0094A647 /* UserListingsCollectionViewCell.swift in Sources */ = {isa = PBXBuildFile; fileRef = C4681F0D227AF09C0094A647 /* UserListingsCollectionViewCell.swift */; };
		C4681F10227AF0B10094A647 /* UserListingsViewController.swift in Sources */ = {isa = PBXBuildFile; fileRef = C4681F0F227AF0B10094A647 /* UserListingsViewController.swift */; };
		C46A0C14226290E900362DFF /* RenewalBotCell.swift in Sources */ = {isa = PBXBuildFile; fileRef = C46A0C13226290E900362DFF /* RenewalBotCell.swift */; };
		C46A0C16226290FB00362DFF /* LifetimeBotCell.swift in Sources */ = {isa = PBXBuildFile; fileRef = C46A0C15226290FB00362DFF /* LifetimeBotCell.swift */; };
		C46A0C1B2262EF2000362DFF /* AccountViewController.swift in Sources */ = {isa = PBXBuildFile; fileRef = C46A0C1A2262EF2000362DFF /* AccountViewController.swift */; };
		C46A0C1E2262FA9A00362DFF /* ChangePasswordViewController.swift in Sources */ = {isa = PBXBuildFile; fileRef = C46A0C1D2262FA9A00362DFF /* ChangePasswordViewController.swift */; };
		C48571F72258424F00150419 /* AppDelegate.swift in Sources */ = {isa = PBXBuildFile; fileRef = C48571F62258424F00150419 /* AppDelegate.swift */; };
		C48571FC2258424F00150419 /* Main.storyboard in Resources */ = {isa = PBXBuildFile; fileRef = C48571FA2258424F00150419 /* Main.storyboard */; };
		C48571FE2258424F00150419 /* Assets.xcassets in Resources */ = {isa = PBXBuildFile; fileRef = C48571FD2258424F00150419 /* Assets.xcassets */; };
		C48572012258424F00150419 /* LaunchScreen.storyboard in Resources */ = {isa = PBXBuildFile; fileRef = C48571FF2258424F00150419 /* LaunchScreen.storyboard */; };
		C485720C2258425000150419 /* BotEmTests.swift in Sources */ = {isa = PBXBuildFile; fileRef = C485720B2258425000150419 /* BotEmTests.swift */; };
		C48572172258425000150419 /* BotEmUITests.swift in Sources */ = {isa = PBXBuildFile; fileRef = C48572162258425000150419 /* BotEmUITests.swift */; };
		C4857225225843CF00150419 /* FormTextField.swift in Sources */ = {isa = PBXBuildFile; fileRef = C4857224225843CF00150419 /* FormTextField.swift */; };
		C48572272258440C00150419 /* SignUpViewController.swift in Sources */ = {isa = PBXBuildFile; fileRef = C48572262258440C00150419 /* SignUpViewController.swift */; };
		C4857229225849ED00150419 /* LoginViewController.swift in Sources */ = {isa = PBXBuildFile; fileRef = C4857228225849ED00150419 /* LoginViewController.swift */; };
/* End PBXBuildFile section */

/* Begin PBXContainerItemProxy section */
		C48572082258425000150419 /* PBXContainerItemProxy */ = {
			isa = PBXContainerItemProxy;
			containerPortal = C48571EB2258424F00150419 /* Project object */;
			proxyType = 1;
			remoteGlobalIDString = C48571F22258424F00150419;
			remoteInfo = BotEm;
		};
		C48572132258425000150419 /* PBXContainerItemProxy */ = {
			isa = PBXContainerItemProxy;
			containerPortal = C48571EB2258424F00150419 /* Project object */;
			proxyType = 1;
			remoteGlobalIDString = C48571F22258424F00150419;
			remoteInfo = BotEm;
		};
/* End PBXContainerItemProxy section */

/* Begin PBXFileReference section */
		23511296D8635C2EE9A320C9 /* Pods_BotEmUITests.framework */ = {isa = PBXFileReference; explicitFileType = wrapper.framework; includeInIndex = 0; path = Pods_BotEmUITests.framework; sourceTree = BUILT_PRODUCTS_DIR; };
		26418438226164AE00A14DDB /* StreamViewController.swift */ = {isa = PBXFileReference; lastKnownFileType = sourcecode.swift; path = StreamViewController.swift; sourceTree = "<group>"; };
		3060A2FDCE638655AB58781D /* Pods-BotEm.debug.xcconfig */ = {isa = PBXFileReference; includeInIndex = 1; lastKnownFileType = text.xcconfig; name = "Pods-BotEm.debug.xcconfig"; path = "Target Support Files/Pods-BotEm/Pods-BotEm.debug.xcconfig"; sourceTree = "<group>"; };
		50811A1F2266CE4B00607D7C /* DetailsViewController.swift */ = {isa = PBXFileReference; lastKnownFileType = sourcecode.swift; path = DetailsViewController.swift; sourceTree = "<group>"; };
		50811A622268172B00607D7C /* ToListViewController.swift */ = {isa = PBXFileReference; lastKnownFileType = sourcecode.swift; path = ToListViewController.swift; sourceTree = "<group>"; };
		6D86FFEAC6770A63E5017259 /* Pods_BotEm.framework */ = {isa = PBXFileReference; explicitFileType = wrapper.framework; includeInIndex = 0; path = Pods_BotEm.framework; sourceTree = BUILT_PRODUCTS_DIR; };
		8E7836642034E2D4E3A718F5 /* Pods-BotEmUITests.release.xcconfig */ = {isa = PBXFileReference; includeInIndex = 1; lastKnownFileType = text.xcconfig; name = "Pods-BotEmUITests.release.xcconfig"; path = "Target Support Files/Pods-BotEmUITests/Pods-BotEmUITests.release.xcconfig"; sourceTree = "<group>"; };
		9F2FC7726AEC1EB727C39176 /* Pods-BotEmTests.release.xcconfig */ = {isa = PBXFileReference; includeInIndex = 1; lastKnownFileType = text.xcconfig; name = "Pods-BotEmTests.release.xcconfig"; path = "Target Support Files/Pods-BotEmTests/Pods-BotEmTests.release.xcconfig"; sourceTree = "<group>"; };
		C4681F09227AC1840094A647 /* TransactionsViewController.swift */ = {isa = PBXFileReference; lastKnownFileType = sourcecode.swift; path = TransactionsViewController.swift; sourceTree = "<group>"; };
		C4681F0B227AC1AC0094A647 /* TransactionCollectionViewCell.swift */ = {isa = PBXFileReference; lastKnownFileType = sourcecode.swift; path = TransactionCollectionViewCell.swift; sourceTree = "<group>"; };
		C4681F0D227AF09C0094A647 /* UserListingsCollectionViewCell.swift */ = {isa = PBXFileReference; lastKnownFileType = sourcecode.swift; path = UserListingsCollectionViewCell.swift; sourceTree = "<group>"; };
		C4681F0F227AF0B10094A647 /* UserListingsViewController.swift */ = {isa = PBXFileReference; lastKnownFileType = sourcecode.swift; path = UserListingsViewController.swift; sourceTree = "<group>"; };
		C46A0C13226290E900362DFF /* RenewalBotCell.swift */ = {isa = PBXFileReference; lastKnownFileType = sourcecode.swift; path = RenewalBotCell.swift; sourceTree = "<group>"; };
		C46A0C15226290FB00362DFF /* LifetimeBotCell.swift */ = {isa = PBXFileReference; lastKnownFileType = sourcecode.swift; path = LifetimeBotCell.swift; sourceTree = "<group>"; };
		C46A0C1A2262EF2000362DFF /* AccountViewController.swift */ = {isa = PBXFileReference; lastKnownFileType = sourcecode.swift; path = AccountViewController.swift; sourceTree = "<group>"; };
		C46A0C1D2262FA9A00362DFF /* ChangePasswordViewController.swift */ = {isa = PBXFileReference; lastKnownFileType = sourcecode.swift; path = ChangePasswordViewController.swift; sourceTree = "<group>"; };
		C48571F32258424F00150419 /* BotEm.app */ = {isa = PBXFileReference; explicitFileType = wrapper.application; includeInIndex = 0; path = BotEm.app; sourceTree = BUILT_PRODUCTS_DIR; };
		C48571F62258424F00150419 /* AppDelegate.swift */ = {isa = PBXFileReference; lastKnownFileType = sourcecode.swift; path = AppDelegate.swift; sourceTree = "<group>"; };
		C48571FB2258424F00150419 /* Base */ = {isa = PBXFileReference; lastKnownFileType = file.storyboard; name = Base; path = Base.lproj/Main.storyboard; sourceTree = "<group>"; };
		C48571FD2258424F00150419 /* Assets.xcassets */ = {isa = PBXFileReference; lastKnownFileType = folder.assetcatalog; path = Assets.xcassets; sourceTree = "<group>"; };
		C48572002258424F00150419 /* Base */ = {isa = PBXFileReference; lastKnownFileType = file.storyboard; name = Base; path = Base.lproj/LaunchScreen.storyboard; sourceTree = "<group>"; };
		C48572022258424F00150419 /* Info.plist */ = {isa = PBXFileReference; lastKnownFileType = text.plist.xml; path = Info.plist; sourceTree = "<group>"; };
		C48572072258425000150419 /* BotEmTests.xctest */ = {isa = PBXFileReference; explicitFileType = wrapper.cfbundle; includeInIndex = 0; path = BotEmTests.xctest; sourceTree = BUILT_PRODUCTS_DIR; };
		C485720B2258425000150419 /* BotEmTests.swift */ = {isa = PBXFileReference; lastKnownFileType = sourcecode.swift; path = BotEmTests.swift; sourceTree = "<group>"; };
		C485720D2258425000150419 /* Info.plist */ = {isa = PBXFileReference; lastKnownFileType = text.plist.xml; path = Info.plist; sourceTree = "<group>"; };
		C48572122258425000150419 /* BotEmUITests.xctest */ = {isa = PBXFileReference; explicitFileType = wrapper.cfbundle; includeInIndex = 0; path = BotEmUITests.xctest; sourceTree = BUILT_PRODUCTS_DIR; };
		C48572162258425000150419 /* BotEmUITests.swift */ = {isa = PBXFileReference; lastKnownFileType = sourcecode.swift; path = BotEmUITests.swift; sourceTree = "<group>"; };
		C48572182258425000150419 /* Info.plist */ = {isa = PBXFileReference; lastKnownFileType = text.plist.xml; path = Info.plist; sourceTree = "<group>"; };
		C4857224225843CF00150419 /* FormTextField.swift */ = {isa = PBXFileReference; lastKnownFileType = sourcecode.swift; path = FormTextField.swift; sourceTree = "<group>"; };
		C48572262258440C00150419 /* SignUpViewController.swift */ = {isa = PBXFileReference; lastKnownFileType = sourcecode.swift; path = SignUpViewController.swift; sourceTree = "<group>"; };
		C4857228225849ED00150419 /* LoginViewController.swift */ = {isa = PBXFileReference; lastKnownFileType = sourcecode.swift; path = LoginViewController.swift; sourceTree = "<group>"; };
		DBD52569BD24ABFE16D8C1A3 /* Pods-BotEmUITests.debug.xcconfig */ = {isa = PBXFileReference; includeInIndex = 1; lastKnownFileType = text.xcconfig; name = "Pods-BotEmUITests.debug.xcconfig"; path = "Target Support Files/Pods-BotEmUITests/Pods-BotEmUITests.debug.xcconfig"; sourceTree = "<group>"; };
		DC10F9E9D8C4A47B23903B2A /* Pods-BotEm.release.xcconfig */ = {isa = PBXFileReference; includeInIndex = 1; lastKnownFileType = text.xcconfig; name = "Pods-BotEm.release.xcconfig"; path = "Target Support Files/Pods-BotEm/Pods-BotEm.release.xcconfig"; sourceTree = "<group>"; };
		DD833E6123F5082FC156C715 /* Pods_BotEmTests.framework */ = {isa = PBXFileReference; explicitFileType = wrapper.framework; includeInIndex = 0; path = Pods_BotEmTests.framework; sourceTree = BUILT_PRODUCTS_DIR; };
		E1DE651E81FB5AB0BEBD153D /* Pods-BotEmTests.debug.xcconfig */ = {isa = PBXFileReference; includeInIndex = 1; lastKnownFileType = text.xcconfig; name = "Pods-BotEmTests.debug.xcconfig"; path = "Target Support Files/Pods-BotEmTests/Pods-BotEmTests.debug.xcconfig"; sourceTree = "<group>"; };
/* End PBXFileReference section */

/* Begin PBXFrameworksBuildPhase section */
		C48571F02258424F00150419 /* Frameworks */ = {
			isa = PBXFrameworksBuildPhase;
			buildActionMask = 2147483647;
			files = (
				3B36FEB5E58A3C11D2A7A0E8 /* Pods_BotEm.framework in Frameworks */,
			);
			runOnlyForDeploymentPostprocessing = 0;
		};
		C48572042258425000150419 /* Frameworks */ = {
			isa = PBXFrameworksBuildPhase;
			buildActionMask = 2147483647;
			files = (
				58A27DD968E06874E8F8E1E5 /* Pods_BotEmTests.framework in Frameworks */,
			);
			runOnlyForDeploymentPostprocessing = 0;
		};
		C485720F2258425000150419 /* Frameworks */ = {
			isa = PBXFrameworksBuildPhase;
			buildActionMask = 2147483647;
			files = (
				28EC0868EE6E8ACA4E8582E5 /* Pods_BotEmUITests.framework in Frameworks */,
			);
			runOnlyForDeploymentPostprocessing = 0;
		};
/* End PBXFrameworksBuildPhase section */

/* Begin PBXGroup section */
		1352D4AA9FD226DD3F25D897 /* Frameworks */ = {
			isa = PBXGroup;
			children = (
				6D86FFEAC6770A63E5017259 /* Pods_BotEm.framework */,
				DD833E6123F5082FC156C715 /* Pods_BotEmTests.framework */,
				23511296D8635C2EE9A320C9 /* Pods_BotEmUITests.framework */,
			);
			name = Frameworks;
			sourceTree = "<group>";
		};
		50811A61226814CB00607D7C /* Details Screen */ = {
			isa = PBXGroup;
			children = (
				50811A1F2266CE4B00607D7C /* DetailsViewController.swift */,
				50811A622268172B00607D7C /* ToListViewController.swift */,
			);
			path = "Details Screen";
			sourceTree = "<group>";
		};
		51EB213AFAF5C6E3CEE7A93D /* Pods */ = {
			isa = PBXGroup;
			children = (
				3060A2FDCE638655AB58781D /* Pods-BotEm.debug.xcconfig */,
				DC10F9E9D8C4A47B23903B2A /* Pods-BotEm.release.xcconfig */,
				E1DE651E81FB5AB0BEBD153D /* Pods-BotEmTests.debug.xcconfig */,
				9F2FC7726AEC1EB727C39176 /* Pods-BotEmTests.release.xcconfig */,
				DBD52569BD24ABFE16D8C1A3 /* Pods-BotEmUITests.debug.xcconfig */,
				8E7836642034E2D4E3A718F5 /* Pods-BotEmUITests.release.xcconfig */,
			);
			path = Pods;
			sourceTree = "<group>";
		};
		BE0E8779227BCE5C00D8807F /* Transaction & Listings Screens */ = {
			isa = PBXGroup;
			children = (
				C4681F09227AC1840094A647 /* TransactionsViewController.swift */,
				C4681F0B227AC1AC0094A647 /* TransactionCollectionViewCell.swift */,
				C4681F0F227AF0B10094A647 /* UserListingsViewController.swift */,
				C4681F0D227AF09C0094A647 /* UserListingsCollectionViewCell.swift */,
			);
			path = "Transaction & Listings Screens";
			sourceTree = "<group>";
		};
		C46A0C172262ECD800362DFF /* Home (Stream Screen) */ = {
			isa = PBXGroup;
			children = (
				26418438226164AE00A14DDB /* StreamViewController.swift */,
				C46A0C13226290E900362DFF /* RenewalBotCell.swift */,
				C46A0C15226290FB00362DFF /* LifetimeBotCell.swift */,
			);
			path = "Home (Stream Screen)";
			sourceTree = "<group>";
		};
		C46A0C182262ED0000362DFF /* Initial Screens */ = {
			isa = PBXGroup;
			children = (
				C4857228225849ED00150419 /* LoginViewController.swift */,
				C48572262258440C00150419 /* SignUpViewController.swift */,
			);
			path = "Initial Screens";
			sourceTree = "<group>";
		};
		C46A0C192262ED1900362DFF /* Design Files */ = {
			isa = PBXGroup;
			children = (
				C4857224225843CF00150419 /* FormTextField.swift */,
			);
			path = "Design Files";
			sourceTree = "<group>";
		};
		C46A0C1C2262FA7900362DFF /* Account Screens */ = {
			isa = PBXGroup;
			children = (
				C46A0C1A2262EF2000362DFF /* AccountViewController.swift */,
				C46A0C1D2262FA9A00362DFF /* ChangePasswordViewController.swift */,
			);
			path = "Account Screens";
			sourceTree = "<group>";
		};
		C48571EA2258424F00150419 = {
			isa = PBXGroup;
			children = (
				C48571F52258424F00150419 /* BotEm */,
				C485720A2258425000150419 /* BotEmTests */,
				C48572152258425000150419 /* BotEmUITests */,
				C48571F42258424F00150419 /* Products */,
				51EB213AFAF5C6E3CEE7A93D /* Pods */,
				1352D4AA9FD226DD3F25D897 /* Frameworks */,
			);
			sourceTree = "<group>";
		};
		C48571F42258424F00150419 /* Products */ = {
			isa = PBXGroup;
			children = (
				C48571F32258424F00150419 /* BotEm.app */,
				C48572072258425000150419 /* BotEmTests.xctest */,
				C48572122258425000150419 /* BotEmUITests.xctest */,
			);
			name = Products;
			sourceTree = "<group>";
		};
		C48571F52258424F00150419 /* BotEm */ = {
			isa = PBXGroup;
			children = (
				C48571F62258424F00150419 /* AppDelegate.swift */,
				C48571FA2258424F00150419 /* Main.storyboard */,
				C48571FF2258424F00150419 /* LaunchScreen.storyboard */,
				C48571FD2258424F00150419 /* Assets.xcassets */,
				C48572022258424F00150419 /* Info.plist */,
				BE0E8779227BCE5C00D8807F /* Transaction & Listings Screens */,
				C46A0C1C2262FA7900362DFF /* Account Screens */,
				C46A0C192262ED1900362DFF /* Design Files */,
				C46A0C182262ED0000362DFF /* Initial Screens */,
				C46A0C172262ECD800362DFF /* Home (Stream Screen) */,
				50811A61226814CB00607D7C /* Details Screen */,
			);
			path = BotEm;
			sourceTree = "<group>";
		};
		C485720A2258425000150419 /* BotEmTests */ = {
			isa = PBXGroup;
			children = (
				C485720B2258425000150419 /* BotEmTests.swift */,
				C485720D2258425000150419 /* Info.plist */,
			);
			path = BotEmTests;
			sourceTree = "<group>";
		};
		C48572152258425000150419 /* BotEmUITests */ = {
			isa = PBXGroup;
			children = (
				C48572162258425000150419 /* BotEmUITests.swift */,
				C48572182258425000150419 /* Info.plist */,
			);
			path = BotEmUITests;
			sourceTree = "<group>";
		};
/* End PBXGroup section */

/* Begin PBXNativeTarget section */
		C48571F22258424F00150419 /* BotEm */ = {
			isa = PBXNativeTarget;
			buildConfigurationList = C485721B2258425000150419 /* Build configuration list for PBXNativeTarget "BotEm" */;
			buildPhases = (
				F62760B035D412AA54C155C7 /* [CP] Check Pods Manifest.lock */,
				C48571EF2258424F00150419 /* Sources */,
				C48571F02258424F00150419 /* Frameworks */,
				C48571F12258424F00150419 /* Resources */,
				D28B1AB574126C7F8157E9AB /* [CP] Embed Pods Frameworks */,
			);
			buildRules = (
			);
			dependencies = (
			);
			name = BotEm;
			productName = BotEm;
			productReference = C48571F32258424F00150419 /* BotEm.app */;
			productType = "com.apple.product-type.application";
		};
		C48572062258425000150419 /* BotEmTests */ = {
			isa = PBXNativeTarget;
			buildConfigurationList = C485721E2258425000150419 /* Build configuration list for PBXNativeTarget "BotEmTests" */;
			buildPhases = (
				CFEF71FA0EFE15C92D4DCFB2 /* [CP] Check Pods Manifest.lock */,
				C48572032258425000150419 /* Sources */,
				C48572042258425000150419 /* Frameworks */,
				C48572052258425000150419 /* Resources */,
			);
			buildRules = (
			);
			dependencies = (
				C48572092258425000150419 /* PBXTargetDependency */,
			);
			name = BotEmTests;
			productName = BotEmTests;
			productReference = C48572072258425000150419 /* BotEmTests.xctest */;
			productType = "com.apple.product-type.bundle.unit-test";
		};
		C48572112258425000150419 /* BotEmUITests */ = {
			isa = PBXNativeTarget;
			buildConfigurationList = C48572212258425000150419 /* Build configuration list for PBXNativeTarget "BotEmUITests" */;
			buildPhases = (
				1EC6A7855220E5B3E37B8995 /* [CP] Check Pods Manifest.lock */,
				C485720E2258425000150419 /* Sources */,
				C485720F2258425000150419 /* Frameworks */,
				C48572102258425000150419 /* Resources */,
			);
			buildRules = (
			);
			dependencies = (
				C48572142258425000150419 /* PBXTargetDependency */,
			);
			name = BotEmUITests;
			productName = BotEmUITests;
			productReference = C48572122258425000150419 /* BotEmUITests.xctest */;
			productType = "com.apple.product-type.bundle.ui-testing";
		};
/* End PBXNativeTarget section */

/* Begin PBXProject section */
		C48571EB2258424F00150419 /* Project object */ = {
			isa = PBXProject;
			attributes = {
				LastSwiftUpdateCheck = 1020;
				LastUpgradeCheck = 1020;
				ORGANIZATIONNAME = "Xvent Inc";
				TargetAttributes = {
					C48571F22258424F00150419 = {
						CreatedOnToolsVersion = 10.2;
						LastSwiftMigration = 1020;
					};
					C48572062258425000150419 = {
						CreatedOnToolsVersion = 10.2;
						LastSwiftMigration = 1020;
						TestTargetID = C48571F22258424F00150419;
					};
					C48572112258425000150419 = {
						CreatedOnToolsVersion = 10.2;
						LastSwiftMigration = 1020;
						TestTargetID = C48571F22258424F00150419;
					};
				};
			};
			buildConfigurationList = C48571EE2258424F00150419 /* Build configuration list for PBXProject "BotEm" */;
			compatibilityVersion = "Xcode 9.3";
			developmentRegion = en;
			hasScannedForEncodings = 0;
			knownRegions = (
				en,
				Base,
			);
			mainGroup = C48571EA2258424F00150419;
			productRefGroup = C48571F42258424F00150419 /* Products */;
			projectDirPath = "";
			projectRoot = "";
			targets = (
				C48571F22258424F00150419 /* BotEm */,
				C48572062258425000150419 /* BotEmTests */,
				C48572112258425000150419 /* BotEmUITests */,
			);
		};
/* End PBXProject section */

/* Begin PBXResourcesBuildPhase section */
		C48571F12258424F00150419 /* Resources */ = {
			isa = PBXResourcesBuildPhase;
			buildActionMask = 2147483647;
			files = (
				C48572012258424F00150419 /* LaunchScreen.storyboard in Resources */,
				C48571FE2258424F00150419 /* Assets.xcassets in Resources */,
				C48571FC2258424F00150419 /* Main.storyboard in Resources */,
			);
			runOnlyForDeploymentPostprocessing = 0;
		};
		C48572052258425000150419 /* Resources */ = {
			isa = PBXResourcesBuildPhase;
			buildActionMask = 2147483647;
			files = (
			);
			runOnlyForDeploymentPostprocessing = 0;
		};
		C48572102258425000150419 /* Resources */ = {
			isa = PBXResourcesBuildPhase;
			buildActionMask = 2147483647;
			files = (
			);
			runOnlyForDeploymentPostprocessing = 0;
		};
/* End PBXResourcesBuildPhase section */

/* Begin PBXShellScriptBuildPhase section */
		1EC6A7855220E5B3E37B8995 /* [CP] Check Pods Manifest.lock */ = {
			isa = PBXShellScriptBuildPhase;
			buildActionMask = 2147483647;
			files = (
			);
			inputFileListPaths = (
			);
			inputPaths = (
				"${PODS_PODFILE_DIR_PATH}/Podfile.lock",
				"${PODS_ROOT}/Manifest.lock",
			);
			name = "[CP] Check Pods Manifest.lock";
			outputFileListPaths = (
			);
			outputPaths = (
				"$(DERIVED_FILE_DIR)/Pods-BotEmUITests-checkManifestLockResult.txt",
			);
			runOnlyForDeploymentPostprocessing = 0;
			shellPath = /bin/sh;
			shellScript = "diff \"${PODS_PODFILE_DIR_PATH}/Podfile.lock\" \"${PODS_ROOT}/Manifest.lock\" > /dev/null\nif [ $? != 0 ] ; then\n    # print error to STDERR\n    echo \"error: The sandbox is not in sync with the Podfile.lock. Run 'pod install' or update your CocoaPods installation.\" >&2\n    exit 1\nfi\n# This output is used by Xcode 'outputs' to avoid re-running this script phase.\necho \"SUCCESS\" > \"${SCRIPT_OUTPUT_FILE_0}\"\n";
			showEnvVarsInLog = 0;
		};
		CFEF71FA0EFE15C92D4DCFB2 /* [CP] Check Pods Manifest.lock */ = {
			isa = PBXShellScriptBuildPhase;
			buildActionMask = 2147483647;
			files = (
			);
			inputFileListPaths = (
			);
			inputPaths = (
				"${PODS_PODFILE_DIR_PATH}/Podfile.lock",
				"${PODS_ROOT}/Manifest.lock",
			);
			name = "[CP] Check Pods Manifest.lock";
			outputFileListPaths = (
			);
			outputPaths = (
				"$(DERIVED_FILE_DIR)/Pods-BotEmTests-checkManifestLockResult.txt",
			);
			runOnlyForDeploymentPostprocessing = 0;
			shellPath = /bin/sh;
			shellScript = "diff \"${PODS_PODFILE_DIR_PATH}/Podfile.lock\" \"${PODS_ROOT}/Manifest.lock\" > /dev/null\nif [ $? != 0 ] ; then\n    # print error to STDERR\n    echo \"error: The sandbox is not in sync with the Podfile.lock. Run 'pod install' or update your CocoaPods installation.\" >&2\n    exit 1\nfi\n# This output is used by Xcode 'outputs' to avoid re-running this script phase.\necho \"SUCCESS\" > \"${SCRIPT_OUTPUT_FILE_0}\"\n";
			showEnvVarsInLog = 0;
		};
		D28B1AB574126C7F8157E9AB /* [CP] Embed Pods Frameworks */ = {
			isa = PBXShellScriptBuildPhase;
			buildActionMask = 2147483647;
			files = (
			);
			inputFileListPaths = (
			);
			inputPaths = (
				"${PODS_ROOT}/Target Support Files/Pods-BotEm/Pods-BotEm-frameworks.sh",
				"${BUILT_PRODUCTS_DIR}/Alamofire/Alamofire.framework",
				"${BUILT_PRODUCTS_DIR}/AlamofireImage/AlamofireImage.framework",
				"${BUILT_PRODUCTS_DIR}/Bolts/Bolts.framework",
				"${BUILT_PRODUCTS_DIR}/Parse/Parse.framework",
			);
			name = "[CP] Embed Pods Frameworks";
			outputFileListPaths = (
			);
			outputPaths = (
				"${TARGET_BUILD_DIR}/${FRAMEWORKS_FOLDER_PATH}/Alamofire.framework",
				"${TARGET_BUILD_DIR}/${FRAMEWORKS_FOLDER_PATH}/AlamofireImage.framework",
				"${TARGET_BUILD_DIR}/${FRAMEWORKS_FOLDER_PATH}/Bolts.framework",
				"${TARGET_BUILD_DIR}/${FRAMEWORKS_FOLDER_PATH}/Parse.framework",
			);
			runOnlyForDeploymentPostprocessing = 0;
			shellPath = /bin/sh;
			shellScript = "\"${PODS_ROOT}/Target Support Files/Pods-BotEm/Pods-BotEm-frameworks.sh\"\n";
			showEnvVarsInLog = 0;
		};
		F62760B035D412AA54C155C7 /* [CP] Check Pods Manifest.lock */ = {
			isa = PBXShellScriptBuildPhase;
			buildActionMask = 2147483647;
			files = (
			);
			inputFileListPaths = (
			);
			inputPaths = (
				"${PODS_PODFILE_DIR_PATH}/Podfile.lock",
				"${PODS_ROOT}/Manifest.lock",
			);
			name = "[CP] Check Pods Manifest.lock";
			outputFileListPaths = (
			);
			outputPaths = (
				"$(DERIVED_FILE_DIR)/Pods-BotEm-checkManifestLockResult.txt",
			);
			runOnlyForDeploymentPostprocessing = 0;
			shellPath = /bin/sh;
			shellScript = "diff \"${PODS_PODFILE_DIR_PATH}/Podfile.lock\" \"${PODS_ROOT}/Manifest.lock\" > /dev/null\nif [ $? != 0 ] ; then\n    # print error to STDERR\n    echo \"error: The sandbox is not in sync with the Podfile.lock. Run 'pod install' or update your CocoaPods installation.\" >&2\n    exit 1\nfi\n# This output is used by Xcode 'outputs' to avoid re-running this script phase.\necho \"SUCCESS\" > \"${SCRIPT_OUTPUT_FILE_0}\"\n";
			showEnvVarsInLog = 0;
		};
/* End PBXShellScriptBuildPhase section */

/* Begin PBXSourcesBuildPhase section */
		C48571EF2258424F00150419 /* Sources */ = {
			isa = PBXSourcesBuildPhase;
			buildActionMask = 2147483647;
			files = (
				26418439226164AE00A14DDB /* StreamViewController.swift in Sources */,
				C4857225225843CF00150419 /* FormTextField.swift in Sources */,
				C4681F0A227AC1840094A647 /* TransactionsViewController.swift in Sources */,
				C46A0C1B2262EF2000362DFF /* AccountViewController.swift in Sources */,
				C46A0C1E2262FA9A00362DFF /* ChangePasswordViewController.swift in Sources */,
				C48572272258440C00150419 /* SignUpViewController.swift in Sources */,
				C4857229225849ED00150419 /* LoginViewController.swift in Sources */,
				C4681F10227AF0B10094A647 /* UserListingsViewController.swift in Sources */,
				C46A0C14226290E900362DFF /* RenewalBotCell.swift in Sources */,
				C4681F0C227AC1AC0094A647 /* TransactionCollectionViewCell.swift in Sources */,
				C48571F72258424F00150419 /* AppDelegate.swift in Sources */,
				C46A0C16226290FB00362DFF /* LifetimeBotCell.swift in Sources */,
				50811A202266CE4B00607D7C /* DetailsViewController.swift in Sources */,
				C4681F0E227AF09C0094A647 /* UserListingsCollectionViewCell.swift in Sources */,
				50811A632268172B00607D7C /* ToListViewController.swift in Sources */,
			);
			runOnlyForDeploymentPostprocessing = 0;
		};
		C48572032258425000150419 /* Sources */ = {
			isa = PBXSourcesBuildPhase;
			buildActionMask = 2147483647;
			files = (
				C485720C2258425000150419 /* BotEmTests.swift in Sources */,
			);
			runOnlyForDeploymentPostprocessing = 0;
		};
		C485720E2258425000150419 /* Sources */ = {
			isa = PBXSourcesBuildPhase;
			buildActionMask = 2147483647;
			files = (
				C48572172258425000150419 /* BotEmUITests.swift in Sources */,
			);
			runOnlyForDeploymentPostprocessing = 0;
		};
/* End PBXSourcesBuildPhase section */

/* Begin PBXTargetDependency section */
		C48572092258425000150419 /* PBXTargetDependency */ = {
			isa = PBXTargetDependency;
			target = C48571F22258424F00150419 /* BotEm */;
			targetProxy = C48572082258425000150419 /* PBXContainerItemProxy */;
		};
		C48572142258425000150419 /* PBXTargetDependency */ = {
			isa = PBXTargetDependency;
			target = C48571F22258424F00150419 /* BotEm */;
			targetProxy = C48572132258425000150419 /* PBXContainerItemProxy */;
		};
/* End PBXTargetDependency section */

/* Begin PBXVariantGroup section */
		C48571FA2258424F00150419 /* Main.storyboard */ = {
			isa = PBXVariantGroup;
			children = (
				C48571FB2258424F00150419 /* Base */,
			);
			name = Main.storyboard;
			sourceTree = "<group>";
		};
		C48571FF2258424F00150419 /* LaunchScreen.storyboard */ = {
			isa = PBXVariantGroup;
			children = (
				C48572002258424F00150419 /* Base */,
			);
			name = LaunchScreen.storyboard;
			sourceTree = "<group>";
		};
/* End PBXVariantGroup section */

/* Begin XCBuildConfiguration section */
		C48572192258425000150419 /* Debug */ = {
			isa = XCBuildConfiguration;
			buildSettings = {
				ALWAYS_SEARCH_USER_PATHS = NO;
				CLANG_ANALYZER_NONNULL = YES;
				CLANG_ANALYZER_NUMBER_OBJECT_CONVERSION = YES_AGGRESSIVE;
				CLANG_CXX_LANGUAGE_STANDARD = "gnu++14";
				CLANG_CXX_LIBRARY = "libc++";
				CLANG_ENABLE_MODULES = YES;
				CLANG_ENABLE_OBJC_ARC = YES;
				CLANG_ENABLE_OBJC_WEAK = YES;
				CLANG_WARN_BLOCK_CAPTURE_AUTORELEASING = YES;
				CLANG_WARN_BOOL_CONVERSION = YES;
				CLANG_WARN_COMMA = YES;
				CLANG_WARN_CONSTANT_CONVERSION = YES;
				CLANG_WARN_DEPRECATED_OBJC_IMPLEMENTATIONS = YES;
				CLANG_WARN_DIRECT_OBJC_ISA_USAGE = YES_ERROR;
				CLANG_WARN_DOCUMENTATION_COMMENTS = YES;
				CLANG_WARN_EMPTY_BODY = YES;
				CLANG_WARN_ENUM_CONVERSION = YES;
				CLANG_WARN_INFINITE_RECURSION = YES;
				CLANG_WARN_INT_CONVERSION = YES;
				CLANG_WARN_NON_LITERAL_NULL_CONVERSION = YES;
				CLANG_WARN_OBJC_IMPLICIT_RETAIN_SELF = YES;
				CLANG_WARN_OBJC_LITERAL_CONVERSION = YES;
				CLANG_WARN_OBJC_ROOT_CLASS = YES_ERROR;
				CLANG_WARN_RANGE_LOOP_ANALYSIS = YES;
				CLANG_WARN_STRICT_PROTOTYPES = YES;
				CLANG_WARN_SUSPICIOUS_MOVE = YES;
				CLANG_WARN_UNGUARDED_AVAILABILITY = YES_AGGRESSIVE;
				CLANG_WARN_UNREACHABLE_CODE = YES;
				CLANG_WARN__DUPLICATE_METHOD_MATCH = YES;
				CODE_SIGN_IDENTITY = "iPhone Developer";
				COPY_PHASE_STRIP = NO;
				DEBUG_INFORMATION_FORMAT = dwarf;
				ENABLE_STRICT_OBJC_MSGSEND = YES;
				ENABLE_TESTABILITY = YES;
				GCC_C_LANGUAGE_STANDARD = gnu11;
				GCC_DYNAMIC_NO_PIC = NO;
				GCC_NO_COMMON_BLOCKS = YES;
				GCC_OPTIMIZATION_LEVEL = 0;
				GCC_PREPROCESSOR_DEFINITIONS = (
					"DEBUG=1",
					"$(inherited)",
				);
				GCC_WARN_64_TO_32_BIT_CONVERSION = YES;
				GCC_WARN_ABOUT_RETURN_TYPE = YES_ERROR;
				GCC_WARN_UNDECLARED_SELECTOR = YES;
				GCC_WARN_UNINITIALIZED_AUTOS = YES_AGGRESSIVE;
				GCC_WARN_UNUSED_FUNCTION = YES;
				GCC_WARN_UNUSED_VARIABLE = YES;
				IPHONEOS_DEPLOYMENT_TARGET = 12.2;
				MTL_ENABLE_DEBUG_INFO = INCLUDE_SOURCE;
				MTL_FAST_MATH = YES;
				ONLY_ACTIVE_ARCH = YES;
				SDKROOT = iphoneos;
				SWIFT_ACTIVE_COMPILATION_CONDITIONS = DEBUG;
				SWIFT_OPTIMIZATION_LEVEL = "-Onone";
				SWIFT_VERSION = 4.2;
			};
			name = Debug;
		};
		C485721A2258425000150419 /* Release */ = {
			isa = XCBuildConfiguration;
			buildSettings = {
				ALWAYS_SEARCH_USER_PATHS = NO;
				CLANG_ANALYZER_NONNULL = YES;
				CLANG_ANALYZER_NUMBER_OBJECT_CONVERSION = YES_AGGRESSIVE;
				CLANG_CXX_LANGUAGE_STANDARD = "gnu++14";
				CLANG_CXX_LIBRARY = "libc++";
				CLANG_ENABLE_MODULES = YES;
				CLANG_ENABLE_OBJC_ARC = YES;
				CLANG_ENABLE_OBJC_WEAK = YES;
				CLANG_WARN_BLOCK_CAPTURE_AUTORELEASING = YES;
				CLANG_WARN_BOOL_CONVERSION = YES;
				CLANG_WARN_COMMA = YES;
				CLANG_WARN_CONSTANT_CONVERSION = YES;
				CLANG_WARN_DEPRECATED_OBJC_IMPLEMENTATIONS = YES;
				CLANG_WARN_DIRECT_OBJC_ISA_USAGE = YES_ERROR;
				CLANG_WARN_DOCUMENTATION_COMMENTS = YES;
				CLANG_WARN_EMPTY_BODY = YES;
				CLANG_WARN_ENUM_CONVERSION = YES;
				CLANG_WARN_INFINITE_RECURSION = YES;
				CLANG_WARN_INT_CONVERSION = YES;
				CLANG_WARN_NON_LITERAL_NULL_CONVERSION = YES;
				CLANG_WARN_OBJC_IMPLICIT_RETAIN_SELF = YES;
				CLANG_WARN_OBJC_LITERAL_CONVERSION = YES;
				CLANG_WARN_OBJC_ROOT_CLASS = YES_ERROR;
				CLANG_WARN_RANGE_LOOP_ANALYSIS = YES;
				CLANG_WARN_STRICT_PROTOTYPES = YES;
				CLANG_WARN_SUSPICIOUS_MOVE = YES;
				CLANG_WARN_UNGUARDED_AVAILABILITY = YES_AGGRESSIVE;
				CLANG_WARN_UNREACHABLE_CODE = YES;
				CLANG_WARN__DUPLICATE_METHOD_MATCH = YES;
				CODE_SIGN_IDENTITY = "iPhone Developer";
				COPY_PHASE_STRIP = NO;
				DEBUG_INFORMATION_FORMAT = "dwarf-with-dsym";
				ENABLE_NS_ASSERTIONS = NO;
				ENABLE_STRICT_OBJC_MSGSEND = YES;
				GCC_C_LANGUAGE_STANDARD = gnu11;
				GCC_NO_COMMON_BLOCKS = YES;
				GCC_WARN_64_TO_32_BIT_CONVERSION = YES;
				GCC_WARN_ABOUT_RETURN_TYPE = YES_ERROR;
				GCC_WARN_UNDECLARED_SELECTOR = YES;
				GCC_WARN_UNINITIALIZED_AUTOS = YES_AGGRESSIVE;
				GCC_WARN_UNUSED_FUNCTION = YES;
				GCC_WARN_UNUSED_VARIABLE = YES;
				IPHONEOS_DEPLOYMENT_TARGET = 12.2;
				MTL_ENABLE_DEBUG_INFO = NO;
				MTL_FAST_MATH = YES;
				SDKROOT = iphoneos;
				SWIFT_COMPILATION_MODE = wholemodule;
				SWIFT_OPTIMIZATION_LEVEL = "-O";
				SWIFT_VERSION = 4.2;
				VALIDATE_PRODUCT = YES;
			};
			name = Release;
		};
		C485721C2258425000150419 /* Debug */ = {
			isa = XCBuildConfiguration;
			baseConfigurationReference = 3060A2FDCE638655AB58781D /* Pods-BotEm.debug.xcconfig */;
			buildSettings = {
				ASSETCATALOG_COMPILER_APPICON_NAME = AppIcon;
				CODE_SIGN_STYLE = Automatic;
				DEVELOPMENT_TEAM = 6J98BVR85X;
				INFOPLIST_FILE = BotEm/Info.plist;
				IPHONEOS_DEPLOYMENT_TARGET = 11.3;
				LD_RUNPATH_SEARCH_PATHS = (
					"$(inherited)",
					"@executable_path/Frameworks",
				);
				PRODUCT_BUNDLE_IDENTIFIER = XventInc.BotEm;
				PRODUCT_NAME = "$(TARGET_NAME)";
				SWIFT_VERSION = 4.2;
				TARGETED_DEVICE_FAMILY = "1,2";
			};
			name = Debug;
		};
		C485721D2258425000150419 /* Release */ = {
			isa = XCBuildConfiguration;
			baseConfigurationReference = DC10F9E9D8C4A47B23903B2A /* Pods-BotEm.release.xcconfig */;
			buildSettings = {
				ASSETCATALOG_COMPILER_APPICON_NAME = AppIcon;
				CODE_SIGN_STYLE = Automatic;
				DEVELOPMENT_TEAM = 6J98BVR85X;
				INFOPLIST_FILE = BotEm/Info.plist;
				IPHONEOS_DEPLOYMENT_TARGET = 11.3;
				LD_RUNPATH_SEARCH_PATHS = (
					"$(inherited)",
					"@executable_path/Frameworks",
				);
				PRODUCT_BUNDLE_IDENTIFIER = XventInc.BotEm;
				PRODUCT_NAME = "$(TARGET_NAME)";
				SWIFT_VERSION = 4.2;
				TARGETED_DEVICE_FAMILY = "1,2";
			};
			name = Release;
		};
		C485721F2258425000150419 /* Debug */ = {
			isa = XCBuildConfiguration;
			baseConfigurationReference = E1DE651E81FB5AB0BEBD153D /* Pods-BotEmTests.debug.xcconfig */;
			buildSettings = {
				ALWAYS_EMBED_SWIFT_STANDARD_LIBRARIES = YES;
				BUNDLE_LOADER = "$(TEST_HOST)";
				CODE_SIGN_STYLE = Automatic;
				INFOPLIST_FILE = BotEmTests/Info.plist;
				IPHONEOS_DEPLOYMENT_TARGET = 12.1;
				LD_RUNPATH_SEARCH_PATHS = (
					"$(inherited)",
					"@executable_path/Frameworks",
					"@loader_path/Frameworks",
				);
				PRODUCT_BUNDLE_IDENTIFIER = XventInc.BotEmTests;
				PRODUCT_NAME = "$(TARGET_NAME)";
				SWIFT_VERSION = 5.0;
				TARGETED_DEVICE_FAMILY = "1,2";
				TEST_HOST = "$(BUILT_PRODUCTS_DIR)/BotEm.app/BotEm";
			};
			name = Debug;
		};
		C48572202258425000150419 /* Release */ = {
			isa = XCBuildConfiguration;
			baseConfigurationReference = 9F2FC7726AEC1EB727C39176 /* Pods-BotEmTests.release.xcconfig */;
			buildSettings = {
				ALWAYS_EMBED_SWIFT_STANDARD_LIBRARIES = YES;
				BUNDLE_LOADER = "$(TEST_HOST)";
				CODE_SIGN_STYLE = Automatic;
				INFOPLIST_FILE = BotEmTests/Info.plist;
				IPHONEOS_DEPLOYMENT_TARGET = 12.1;
				LD_RUNPATH_SEARCH_PATHS = (
					"$(inherited)",
					"@executable_path/Frameworks",
					"@loader_path/Frameworks",
				);
				PRODUCT_BUNDLE_IDENTIFIER = XventInc.BotEmTests;
				PRODUCT_NAME = "$(TARGET_NAME)";
				SWIFT_VERSION = 5.0;
				TARGETED_DEVICE_FAMILY = "1,2";
				TEST_HOST = "$(BUILT_PRODUCTS_DIR)/BotEm.app/BotEm";
			};
			name = Release;
		};
		C48572222258425000150419 /* Debug */ = {
			isa = XCBuildConfiguration;
			baseConfigurationReference = DBD52569BD24ABFE16D8C1A3 /* Pods-BotEmUITests.debug.xcconfig */;
			buildSettings = {
				ALWAYS_EMBED_SWIFT_STANDARD_LIBRARIES = YES;
				CODE_SIGN_STYLE = Automatic;
				INFOPLIST_FILE = BotEmUITests/Info.plist;
				IPHONEOS_DEPLOYMENT_TARGET = 12.1;
				LD_RUNPATH_SEARCH_PATHS = (
					"$(inherited)",
					"@executable_path/Frameworks",
					"@loader_path/Frameworks",
				);
				PRODUCT_BUNDLE_IDENTIFIER = XventInc.BotEmUITests;
				PRODUCT_NAME = "$(TARGET_NAME)";
				SWIFT_VERSION = 5.0;
				TARGETED_DEVICE_FAMILY = "1,2";
				TEST_TARGET_NAME = BotEm;
			};
			name = Debug;
		};
		C48572232258425000150419 /* Release */ = {
			isa = XCBuildConfiguration;
			baseConfigurationReference = 8E7836642034E2D4E3A718F5 /* Pods-BotEmUITests.release.xcconfig */;
			buildSettings = {
				ALWAYS_EMBED_SWIFT_STANDARD_LIBRARIES = YES;
				CODE_SIGN_STYLE = Automatic;
				INFOPLIST_FILE = BotEmUITests/Info.plist;
				IPHONEOS_DEPLOYMENT_TARGET = 12.1;
				LD_RUNPATH_SEARCH_PATHS = (
					"$(inherited)",
					"@executable_path/Frameworks",
					"@loader_path/Frameworks",
				);
				PRODUCT_BUNDLE_IDENTIFIER = XventInc.BotEmUITests;
				PRODUCT_NAME = "$(TARGET_NAME)";
				SWIFT_VERSION = 5.0;
				TARGETED_DEVICE_FAMILY = "1,2";
				TEST_TARGET_NAME = BotEm;
			};
			name = Release;
		};
/* End XCBuildConfiguration section */

/* Begin XCConfigurationList section */
		C48571EE2258424F00150419 /* Build configuration list for PBXProject "BotEm" */ = {
			isa = XCConfigurationList;
			buildConfigurations = (
				C48572192258425000150419 /* Debug */,
				C485721A2258425000150419 /* Release */,
			);
			defaultConfigurationIsVisible = 0;
			defaultConfigurationName = Release;
		};
		C485721B2258425000150419 /* Build configuration list for PBXNativeTarget "BotEm" */ = {
			isa = XCConfigurationList;
			buildConfigurations = (
				C485721C2258425000150419 /* Debug */,
				C485721D2258425000150419 /* Release */,
			);
			defaultConfigurationIsVisible = 0;
			defaultConfigurationName = Release;
		};
		C485721E2258425000150419 /* Build configuration list for PBXNativeTarget "BotEmTests" */ = {
			isa = XCConfigurationList;
			buildConfigurations = (
				C485721F2258425000150419 /* Debug */,
				C48572202258425000150419 /* Release */,
			);
			defaultConfigurationIsVisible = 0;
			defaultConfigurationName = Release;
		};
		C48572212258425000150419 /* Build configuration list for PBXNativeTarget "BotEmUITests" */ = {
			isa = XCConfigurationList;
			buildConfigurations = (
				C48572222258425000150419 /* Debug */,
				C48572232258425000150419 /* Release */,
			);
			defaultConfigurationIsVisible = 0;
			defaultConfigurationName = Release;
		};
/* End XCConfigurationList section */
	};
	rootObject = C48571EB2258424F00150419 /* Project object */;
}
